
Microsoft Visual Studio Solution File, Format Version 12.00
# Visual Studio Version 17
VisualStudioVersion = 17.8.34408.163
MinimumVisualStudioVersion = 10.0.40219.1
Project("{FAE04EC0-301F-11D3-BF4B-00C04F79EFBC}") = "ConsoleApp1", "ConsoleApp1.csproj", "{AAFE8FE4-DBEF-49D5-A844-B7CDCA30588B}"
EndProject
Global
	GlobalSection(SolutionConfigurationPlatforms) = preSolution
		Debug|Any CPU = Debug|Any CPU
		Release|Any CPU = Release|Any CPU
	EndGlobalSection
	GlobalSection(ProjectConfigurationPlatforms) = postSolution
		{AAFE8FE4-DBEF-49D5-A844-B7CDCA30588B}.Debug|Any CPU.ActiveCfg = Debug|Any CPU
		{AAFE8FE4-DBEF-49D5-A844-B7CDCA30588B}.Debug|Any CPU.Build.0 = Debug|Any CPU
		{AAFE8FE4-DBEF-49D5-A844-B7CDCA30588B}.Release|Any CPU.ActiveCfg = Release|Any CPU
		{AAFE8FE4-DBEF-49D5-A844-B7CDCA30588B}.Release|Any CPU.Build.0 = Release|Any CPU
	EndGlobalSection
	GlobalSection(SolutionProperties) = preSolution
		HideSolutionNode = FALSE
	EndGlobalSection
	GlobalSection(ExtensibilityGlobals) = postSolution
		SolutionGuid = {2C0798B8-CDA7-4F3C-AF15-E4A73405ABEA}
	EndGlobalSection
EndGlobal
